# THIS IS AN AUTOGENERATED FILE. DO NOT EDIT THIS FILE DIRECTLY.
# yarn lockfile v1


abstract-leveldown@~0.12.1:
  version "0.12.4"
  resolved "https://registry.yarnpkg.com/abstract-leveldown/-/abstract-leveldown-0.12.4.tgz#29e18e632e60e4e221d5810247852a63d7b2e410"
  dependencies:
    xtend "~3.0.0"

abstract-leveldown@~6.0.0, abstract-leveldown@~6.0.3:
  version "6.0.3"
  resolved "https://registry.yarnpkg.com/abstract-leveldown/-/abstract-leveldown-6.0.3.tgz#b4b6159343c74b0c5197b2817854782d8f748c4a"
  dependencies:
    level-concat-iterator "~2.0.0"
    xtend "~4.0.0"

ansi-regex@^2.0.0:
  version "2.1.1"
  resolved "https://registry.yarnpkg.com/ansi-regex/-/ansi-regex-2.1.1.tgz#c3b33ab5ee360d86e0e628f0468ae7ef27d654df"

aproba@^1.0.3:
  version "1.1.2"
  resolved "https://registry.yarnpkg.com/aproba/-/aproba-1.1.2.tgz#45c6629094de4e96f693ef7eab74ae079c240fc1"

are-we-there-yet@~1.1.2:
  version "1.1.4"
  resolved "https://registry.yarnpkg.com/are-we-there-yet/-/are-we-there-yet-1.1.4.tgz#bb5dca382bb94f05e15194373d16fd3ba1ca110d"
  dependencies:
    delegates "^1.0.0"
    readable-stream "^2.0.6"

atob@^2.0.3:
  version "2.1.2"
  resolved "https://registry.yarnpkg.com/atob/-/atob-2.1.2.tgz#6d9517eb9e030d2436666651e86bd9f6f13533c9"

bindings@^1.5.0:
  version "1.5.0"
  resolved "https://registry.yarnpkg.com/bindings/-/bindings-1.5.0.tgz#10353c9e945334bc0511a6d90b38fbc7c9c504df"
  dependencies:
    file-uri-to-path "1.0.0"

bl@^1.0.0:
  version "1.2.2"
  resolved "https://registry.yarnpkg.com/bl/-/bl-1.2.2.tgz#a160911717103c07410cef63ef51b397c025af9c"
  dependencies:
    readable-stream "^2.3.5"
    safe-buffer "^5.1.1"

bl@~0.8.1:
  version "0.8.2"
  resolved "https://registry.yarnpkg.com/bl/-/bl-0.8.2.tgz#c9b6bca08d1bc2ea00fc8afb4f1a5fd1e1c66e4e"
  dependencies:
    readable-stream "~1.0.26"

btoa@^1.1.2:
  version "1.2.1"
  resolved "https://registry.yarnpkg.com/btoa/-/btoa-1.2.1.tgz#01a9909f8b2c93f6bf680ba26131eb30f7fa3d73"

buffer-alloc-unsafe@^1.1.0:
  version "1.1.0"
  resolved "https://registry.yarnpkg.com/buffer-alloc-unsafe/-/buffer-alloc-unsafe-1.1.0.tgz#bd7dc26ae2972d0eda253be061dba992349c19f0"

buffer-alloc@^1.2.0:
  version "1.2.0"
  resolved "https://registry.yarnpkg.com/buffer-alloc/-/buffer-alloc-1.2.0.tgz#890dd90d923a873e08e10e5fd51a57e5b7cce0ec"
  dependencies:
    buffer-alloc-unsafe "^1.1.0"
    buffer-fill "^1.0.0"

buffer-fill@^1.0.0:
  version "1.0.0"
  resolved "https://registry.yarnpkg.com/buffer-fill/-/buffer-fill-1.0.0.tgz#f8f78b76789888ef39f205cd637f68e702122b2c"

bytewise-core@^1.2.2:
  version "1.2.3"
  resolved "https://registry.yarnpkg.com/bytewise-core/-/bytewise-core-1.2.3.tgz#3fb410c7e91558eb1ab22a82834577aa6bd61d42"
  dependencies:
    typewise-core "^1.2"

bytewise@~1.1.0:
  version "1.1.0"
  resolved "https://registry.yarnpkg.com/bytewise/-/bytewise-1.1.0.tgz#1d13cbff717ae7158094aa881b35d081b387253e"
  dependencies:
    bytewise-core "^1.2.2"
    typewise "^1.0.3"

chownr@^1.0.1:
  version "1.1.2"
  resolved "https://registry.yarnpkg.com/chownr/-/chownr-1.1.2.tgz#a18f1e0b269c8a6a5d3c86eb298beb14c3dd7bf6"

code-point-at@^1.0.0:
  version "1.1.0"
  resolved "https://registry.yarnpkg.com/code-point-at/-/code-point-at-1.1.0.tgz#0d070b4d043a5bea33a2f1a40e2edb3d9a4ccf77"

console-control-strings@^1.0.0, console-control-strings@~1.1.0:
  version "1.1.0"
  resolved "https://registry.yarnpkg.com/console-control-strings/-/console-control-strings-1.1.0.tgz#3d7cf4464db6446ea644bf4b39507f9851008e8e"

core-util-is@~1.0.0:
  version "1.0.2"
  resolved "https://registry.yarnpkg.com/core-util-is/-/core-util-is-1.0.2.tgz#b5fd54220aa2bc5ab57aab7140c940754503c1a7"

decompress-response@^3.3.0:
  version "3.3.0"
  resolved "https://registry.yarnpkg.com/decompress-response/-/decompress-response-3.3.0.tgz#80a4dd323748384bfa248083622aedec982adff3"
  dependencies:
    mimic-response "^1.0.0"

deep-extend@^0.6.0:
  version "0.6.0"
  resolved "https://registry.yarnpkg.com/deep-extend/-/deep-extend-0.6.0.tgz#c4fa7c95404a17a9c3e8ca7e1537312b736330ac"

deferred-leveldown@~0.2.0:
  version "0.2.0"
  resolved "https://registry.yarnpkg.com/deferred-leveldown/-/deferred-leveldown-0.2.0.tgz#2cef1f111e1c57870d8bbb8af2650e587cd2f5b4"
  dependencies:
    abstract-leveldown "~0.12.1"

deferred-leveldown@~5.1.0:
  version "5.1.0"
  resolved "https://registry.yarnpkg.com/deferred-leveldown/-/deferred-leveldown-5.1.0.tgz#c21e40641a8e48530255a4ad31371cc7fe76b332"
  dependencies:
    abstract-leveldown "~6.0.0"
    inherits "^2.0.3"

delegates@^1.0.0:
  version "1.0.0"
  resolved "https://registry.yarnpkg.com/delegates/-/delegates-1.0.0.tgz#84c6e159b81904fdca59a0ef44cd870d31250f9a"

detect-libc@^1.0.3:
  version "1.0.3"
  resolved "https://registry.yarnpkg.com/detect-libc/-/detect-libc-1.0.3.tgz#fa137c4bd698edf55cd5cd02ac559f91a4c4ba9b"

end-of-stream@^1.0.0, end-of-stream@^1.1.0:
  version "1.4.1"
  resolved "https://registry.yarnpkg.com/end-of-stream/-/end-of-stream-1.4.1.tgz#ed29634d19baba463b6ce6b80a37213eab71ec43"
  dependencies:
    once "^1.4.0"

errno@~0.1.1:
  version "0.1.4"
  resolved "https://registry.yarnpkg.com/errno/-/errno-0.1.4.tgz#b896e23a9e5e8ba33871fc996abd3635fc9a1c7d"
  dependencies:
    prr "~0.0.0"

expand-template@^2.0.3:
  version "2.0.3"
  resolved "https://registry.yarnpkg.com/expand-template/-/expand-template-2.0.3.tgz#6e14b3fcee0f3a6340ecb57d2e8918692052a47c"

file-uri-to-path@1.0.0:
  version "1.0.0"
  resolved "https://registry.yarnpkg.com/file-uri-to-path/-/file-uri-to-path-1.0.0.tgz#553a7b8446ff6f684359c445f1e37a05dacc33dd"

fs-constants@^1.0.0:
  version "1.0.0"
  resolved "https://registry.yarnpkg.com/fs-constants/-/fs-constants-1.0.0.tgz#6be0de9be998ce16af8afc24497b9ee9b7ccd9ad"

gauge@~2.7.3:
  version "2.7.4"
  resolved "https://registry.yarnpkg.com/gauge/-/gauge-2.7.4.tgz#2c03405c7538c39d7eb37b317022e325fb018bf7"
  dependencies:
    aproba "^1.0.3"
    console-control-strings "^1.0.0"
    has-unicode "^2.0.0"
    object-assign "^4.1.0"
    signal-exit "^3.0.0"
    string-width "^1.0.1"
    strip-ansi "^3.0.1"
    wide-align "^1.1.0"

github-from-package@0.0.0:
  version "0.0.0"
  resolved "https://registry.yarnpkg.com/github-from-package/-/github-from-package-0.0.0.tgz#97fb5d96bfde8973313f20e8288ef9a167fa64ce"

has-unicode@^2.0.0:
  version "2.0.1"
  resolved "https://registry.yarnpkg.com/has-unicode/-/has-unicode-2.0.1.tgz#e0e6fe6a28cf51138855e086d1691e771de2a8b9"

inherits@^2.0.1, inherits@~2.0.1:
  version "2.0.3"
  resolved "https://registry.yarnpkg.com/inherits/-/inherits-2.0.3.tgz#633c2c83e3da42a502f52466022480f4208261de"

inherits@^2.0.3, inherits@~2.0.3:
  version "2.0.4"
  resolved "https://registry.yarnpkg.com/inherits/-/inherits-2.0.4.tgz#0fa2c64f932917c3433a0ded55363aae37416b7c"

ini@~1.3.0:
  version "1.3.4"
  resolved "https://registry.yarnpkg.com/ini/-/ini-1.3.4.tgz#0537cb79daf59b59a1a517dff706c86ec039162e"

is-fullwidth-code-point@^1.0.0:
  version "1.0.0"
  resolved "https://registry.yarnpkg.com/is-fullwidth-code-point/-/is-fullwidth-code-point-1.0.0.tgz#ef9e31386f031a7f0d643af82fde50c457ef00cb"
  dependencies:
    number-is-nan "^1.0.0"

isarray@0.0.1:
  version "0.0.1"
  resolved "https://registry.yarnpkg.com/isarray/-/isarray-0.0.1.tgz#8a18acfca9a8f4177e09abfc6038939b05d1eedf"

isarray@~1.0.0:
  version "1.0.0"
  resolved "https://registry.yarnpkg.com/isarray/-/isarray-1.0.0.tgz#bb935d48582cba168c06834957a54a3e07124f11"

jungle-db@../..:
  version "0.9.20"
  dependencies:
    atob "^2.0.3"
    btoa "^1.1.2"
    node-lmdb "0.7.0"
  optionalDependencies:
    level-sublevel "^6.6.5"
    leveldown "^5.1.1"
    levelup "^4.1.0"

level-concat-iterator@~2.0.0:
  version "2.0.1"
  resolved "https://registry.yarnpkg.com/level-concat-iterator/-/level-concat-iterator-2.0.1.tgz#1d1009cf108340252cb38c51f9727311193e6263"

level-errors@~2.0.0:
  version "2.0.1"
  resolved "https://registry.yarnpkg.com/level-errors/-/level-errors-2.0.1.tgz#2132a677bf4e679ce029f517c2f17432800c05c8"
  dependencies:
    errno "~0.1.1"

level-iterator-stream@~4.0.0:
  version "4.0.1"
  resolved "https://registry.yarnpkg.com/level-iterator-stream/-/level-iterator-stream-4.0.1.tgz#65c467070c0788fe0d08a0c1ed600c3b9e82bc8d"
  dependencies:
    inherits "^2.0.1"
    readable-stream "^3.0.2"
    xtend "^4.0.0"

level-post@^1.0.7:
  version "1.0.7"
  resolved "https://registry.yarnpkg.com/level-post/-/level-post-1.0.7.tgz#19ccca9441a7cc527879a0635000f06d5e8f27d0"
  dependencies:
    ltgt "^2.1.2"

level-sublevel@^6.6.5:
  version "6.6.5"
  resolved "https://registry.yarnpkg.com/level-sublevel/-/level-sublevel-6.6.5.tgz#acddfa2be033b9e503544e2c647f3c03d5a23fbd"
  dependencies:
    bytewise "~1.1.0"
    levelup "~0.19.0"
    ltgt "~2.1.1"
    pull-defer "^0.2.2"
    pull-level "^2.0.3"
    pull-stream "^3.6.8"
    typewiselite "~1.0.0"
    xtend "~4.0.0"

leveldown@^5.1.1:
  version "5.1.1"
  resolved "https://registry.yarnpkg.com/leveldown/-/leveldown-5.1.1.tgz#5d3a043f0ec76e91e189117ec3627bef0436c0dc"
  dependencies:
    abstract-leveldown "~6.0.3"
    napi-macros "~1.8.1"
    node-gyp-build "~4.1.0"

levelup@^4.1.0:
  version "4.1.0"
  resolved "https://registry.yarnpkg.com/levelup/-/levelup-4.1.0.tgz#49ab5d3a341731cd102f91c6bc17a1acb1969a17"
  dependencies:
    deferred-leveldown "~5.1.0"
    level-errors "~2.0.0"
    level-iterator-stream "~4.0.0"
    xtend "~4.0.0"

levelup@~0.19.0:
  version "0.19.1"
  resolved "https://registry.yarnpkg.com/levelup/-/levelup-0.19.1.tgz#f3a6a7205272c4b5f35e412ff004a03a0aedf50b"
  dependencies:
    bl "~0.8.1"
    deferred-leveldown "~0.2.0"
    errno "~0.1.1"
    prr "~0.0.0"
    readable-stream "~1.0.26"
    semver "~5.1.0"
    xtend "~3.0.0"

looper@^2.0.0:
  version "2.0.0"
  resolved "https://registry.yarnpkg.com/looper/-/looper-2.0.0.tgz#66cd0c774af3d4fedac53794f742db56da8f09ec"

looper@^3.0.0:
  version "3.0.0"
  resolved "https://registry.yarnpkg.com/looper/-/looper-3.0.0.tgz#2efa54c3b1cbaba9b94aee2e5914b0be57fbb749"

ltgt@^2.1.2:
  version "2.2.1"
  resolved "https://registry.yarnpkg.com/ltgt/-/ltgt-2.2.1.tgz#f35ca91c493f7b73da0e07495304f17b31f87ee5"

ltgt@~2.1.1:
  version "2.1.3"
  resolved "https://registry.yarnpkg.com/ltgt/-/ltgt-2.1.3.tgz#10851a06d9964b971178441c23c9e52698eece34"

mimic-response@^1.0.0:
  version "1.0.1"
  resolved "https://registry.yarnpkg.com/mimic-response/-/mimic-response-1.0.1.tgz#4923538878eef42063cb8a3e3b0798781487ab1b"

minimist@0.0.8:
  version "0.0.8"
  resolved "https://registry.yarnpkg.com/minimist/-/minimist-0.0.8.tgz#857fcabfc3397d2625b8228262e86aa7a011b05d"

minimist@^1.2.0:
  version "1.2.0"
  resolved "https://registry.yarnpkg.com/minimist/-/minimist-1.2.0.tgz#a35008b20f41383eec1fb914f4cd5df79a264284"

mkdirp@^0.5.1:
  version "0.5.1"
  resolved "https://registry.yarnpkg.com/mkdirp/-/mkdirp-0.5.1.tgz#30057438eac6cf7f8c4767f38648d6697d75c903"
  dependencies:
    minimist "0.0.8"

nan@^2.13.1:
  version "2.14.0"
  resolved "https://registry.yarnpkg.com/nan/-/nan-2.14.0.tgz#7818f722027b2459a86f0295d434d1fc2336c52c"

napi-build-utils@^1.0.1:
  version "1.0.1"
  resolved "https://registry.yarnpkg.com/napi-build-utils/-/napi-build-utils-1.0.1.tgz#1381a0f92c39d66bf19852e7873432fc2123e508"

napi-macros@~1.8.1:
  version "1.8.2"
  resolved "https://registry.yarnpkg.com/napi-macros/-/napi-macros-1.8.2.tgz#299265c1d8aa401351ad0675107d751228c03eda"

node-abi@^2.7.0:
  version "2.11.0"
  resolved "https://registry.yarnpkg.com/node-abi/-/node-abi-2.11.0.tgz#b7dce18815057544a049be5ae75cd1fdc2e9ea59"
  dependencies:
    semver "^5.4.1"

node-gyp-build@~4.1.0:
  version "4.1.0"
  resolved "https://registry.yarnpkg.com/node-gyp-build/-/node-gyp-build-4.1.0.tgz#3bc3dd7dd4aafecaf64a2e3729e785bc3cdea565"

node-lmdb@0.7.0:
  version "0.7.0"
  resolved "https://registry.yarnpkg.com/node-lmdb/-/node-lmdb-0.7.0.tgz#6f458605b8b23e4b53615b57c1ce6f390a842e92"
  dependencies:
    bindings "^1.5.0"
    nan "^2.13.1"
    prebuild-install "^5.2.5"

noop-logger@^0.1.1:
  version "0.1.1"
  resolved "https://registry.yarnpkg.com/noop-logger/-/noop-logger-0.1.1.tgz#94a2b1633c4f1317553007d8966fd0e841b6a4c2"

npmlog@^4.0.1:
  version "4.1.0"
  resolved "https://registry.yarnpkg.com/npmlog/-/npmlog-4.1.0.tgz#dc59bee85f64f00ed424efb2af0783df25d1c0b5"
  dependencies:
    are-we-there-yet "~1.1.2"
    console-control-strings "~1.1.0"
    gauge "~2.7.3"
    set-blocking "~2.0.0"

number-is-nan@^1.0.0:
  version "1.0.1"
  resolved "https://registry.yarnpkg.com/number-is-nan/-/number-is-nan-1.0.1.tgz#097b602b53422a522c1afb8790318336941a011d"

object-assign@^4.1.0:
  version "4.1.1"
  resolved "https://registry.yarnpkg.com/object-assign/-/object-assign-4.1.1.tgz#2109adc7965887cfc05cbbd442cac8bfbb360863"

once@^1.3.1, once@^1.4.0:
  version "1.4.0"
  resolved "https://registry.yarnpkg.com/once/-/once-1.4.0.tgz#583b1aa775961d4b113ac17d9c50baef9dd76bd1"
  dependencies:
    wrappy "1"

os-homedir@^1.0.1:
  version "1.0.2"
  resolved "https://registry.yarnpkg.com/os-homedir/-/os-homedir-1.0.2.tgz#ffbc4988336e0e833de0c168c7ef152121aa7fb3"

prebuild-install@^5.2.5:
  version "5.3.0"
  resolved "https://registry.yarnpkg.com/prebuild-install/-/prebuild-install-5.3.0.tgz#58b4d8344e03590990931ee088dd5401b03004c8"
  dependencies:
    detect-libc "^1.0.3"
    expand-template "^2.0.3"
    github-from-package "0.0.0"
    minimist "^1.2.0"
    mkdirp "^0.5.1"
    napi-build-utils "^1.0.1"
    node-abi "^2.7.0"
    noop-logger "^0.1.1"
    npmlog "^4.0.1"
    os-homedir "^1.0.1"
    pump "^2.0.1"
    rc "^1.2.7"
    simple-get "^2.7.0"
    tar-fs "^1.13.0"
    tunnel-agent "^0.6.0"
    which-pm-runs "^1.0.0"

process-nextick-args@~1.0.6:
  version "1.0.7"
  resolved "https://registry.yarnpkg.com/process-nextick-args/-/process-nextick-args-1.0.7.tgz#150e20b756590ad3f91093f25a4f2ad8bff30ba3"

process-nextick-args@~2.0.0:
  version "2.0.1"
  resolved "https://registry.yarnpkg.com/process-nextick-args/-/process-nextick-args-2.0.1.tgz#7820d9b16120cc55ca9ae7792680ae7dba6d7fe2"

prr@~0.0.0:
  version "0.0.0"
  resolved "https://registry.yarnpkg.com/prr/-/prr-0.0.0.tgz#1a84b85908325501411853d0081ee3fa86e2926a"

pull-cat@^1.1.9:
  version "1.1.11"
  resolved "https://registry.yarnpkg.com/pull-cat/-/pull-cat-1.1.11.tgz#b642dd1255da376a706b6db4fa962f5fdb74c31b"

pull-defer@^0.2.2:
  version "0.2.3"
  resolved "https://registry.yarnpkg.com/pull-defer/-/pull-defer-0.2.3.tgz#4ee09c6d9e227bede9938db80391c3dac489d113"

pull-level@^2.0.3:
  version "2.0.4"
  resolved "https://registry.yarnpkg.com/pull-level/-/pull-level-2.0.4.tgz#4822e61757c10bdcc7cf4a03af04c92734c9afac"
  dependencies:
    level-post "^1.0.7"
    pull-cat "^1.1.9"
    pull-live "^1.0.1"
    pull-pushable "^2.0.0"
    pull-stream "^3.4.0"
    pull-window "^2.1.4"
    stream-to-pull-stream "^1.7.1"

pull-live@^1.0.1:
  version "1.0.1"
  resolved "https://registry.yarnpkg.com/pull-live/-/pull-live-1.0.1.tgz#a4ecee01e330155e9124bbbcf4761f21b38f51f5"
  dependencies:
    pull-cat "^1.1.9"
    pull-stream "^3.4.0"

pull-pushable@^2.0.0:
  version "2.2.0"
  resolved "https://registry.yarnpkg.com/pull-pushable/-/pull-pushable-2.2.0.tgz#5f2f3aed47ad86919f01b12a2e99d6f1bd776581"

pull-stream@^3.2.3, pull-stream@^3.4.0, pull-stream@^3.6.8:
  version "3.6.14"
  resolved "https://registry.yarnpkg.com/pull-stream/-/pull-stream-3.6.14.tgz#529dbd5b86131f4a5ed636fdf7f6af00781357ee"

pull-window@^2.1.4:
  version "2.1.4"
  resolved "https://registry.yarnpkg.com/pull-window/-/pull-window-2.1.4.tgz#fc3b86feebd1920c7ae297691e23f705f88552f0"
  dependencies:
    looper "^2.0.0"

pump@^1.0.0:
  version "1.0.3"
  resolved "https://registry.yarnpkg.com/pump/-/pump-1.0.3.tgz#5dfe8311c33bbf6fc18261f9f34702c47c08a954"
  dependencies:
    end-of-stream "^1.1.0"
    once "^1.3.1"

pump@^2.0.1:
  version "2.0.1"
  resolved "https://registry.yarnpkg.com/pump/-/pump-2.0.1.tgz#12399add6e4cf7526d973cbc8b5ce2e2908b3909"
  dependencies:
    end-of-stream "^1.1.0"
    once "^1.3.1"

rc@^1.2.7:
  version "1.2.8"
  resolved "https://registry.yarnpkg.com/rc/-/rc-1.2.8.tgz#cd924bf5200a075b83c188cd6b9e211b7fc0d3ed"
  dependencies:
    deep-extend "^0.6.0"
    ini "~1.3.0"
    minimist "^1.2.0"
    strip-json-comments "~2.0.1"

readable-stream@^2.0.6:
  version "2.2.10"
  resolved "https://registry.yarnpkg.com/readable-stream/-/readable-stream-2.2.10.tgz#effe72bb7c884c0dd335e2379d526196d9d011ee"
  dependencies:
    core-util-is "~1.0.0"
    inherits "~2.0.1"
    isarray "~1.0.0"
    process-nextick-args "~1.0.6"
    safe-buffer "^5.0.1"
    string_decoder "~1.0.0"
    util-deprecate "~1.0.1"

readable-stream@^2.3.0, readable-stream@^2.3.5:
  version "2.3.6"
  resolved "https://registry.yarnpkg.com/readable-stream/-/readable-stream-2.3.6.tgz#b11c27d88b8ff1fbe070643cf94b0c79ae1b0aaf"
  dependencies:
    core-util-is "~1.0.0"
    inherits "~2.0.3"
    isarray "~1.0.0"
    process-nextick-args "~2.0.0"
    safe-buffer "~5.1.1"
    string_decoder "~1.1.1"
    util-deprecate "~1.0.1"

readable-stream@^3.0.2:
  version "3.4.0"
  resolved "https://registry.yarnpkg.com/readable-stream/-/readable-stream-3.4.0.tgz#a51c26754658e0a3c21dbf59163bd45ba6f447fc"
  dependencies:
    inherits "^2.0.3"
    string_decoder "^1.1.1"
    util-deprecate "^1.0.1"

readable-stream@~1.0.26:
  version "1.0.34"
  resolved "https://registry.yarnpkg.com/readable-stream/-/readable-stream-1.0.34.tgz#125820e34bc842d2f2aaafafe4c2916ee32c157c"
  dependencies:
    core-util-is "~1.0.0"
    inherits "~2.0.1"
    isarray "0.0.1"
    string_decoder "~0.10.x"

safe-buffer@^5.0.1:
  version "5.0.1"
  resolved "https://registry.yarnpkg.com/safe-buffer/-/safe-buffer-5.0.1.tgz#d263ca54696cd8a306b5ca6551e92de57918fbe7"

safe-buffer@^5.1.1, safe-buffer@~5.2.0:
  version "5.2.0"
  resolved "https://registry.yarnpkg.com/safe-buffer/-/safe-buffer-5.2.0.tgz#b74daec49b1148f88c64b68d49b1e815c1f2f519"

safe-buffer@~5.1.0, safe-buffer@~5.1.1:
  version "5.1.2"
  resolved "https://registry.yarnpkg.com/safe-buffer/-/safe-buffer-5.1.2.tgz#991ec69d296e0313747d59bdfd2b745c35f8828d"

semver@^5.4.1:
  version "5.7.1"
  resolved "https://registry.yarnpkg.com/semver/-/semver-5.7.1.tgz#a954f931aeba508d307bbf069eff0c01c96116f7"

semver@~5.1.0:
  version "5.1.1"
  resolved "https://registry.yarnpkg.com/semver/-/semver-5.1.1.tgz#a3292a373e6f3e0798da0b20641b9a9c5bc47e19"

set-blocking@~2.0.0:
  version "2.0.0"
  resolved "https://registry.yarnpkg.com/set-blocking/-/set-blocking-2.0.0.tgz#045f9782d011ae9a6803ddd382b24392b3d890f7"

signal-exit@^3.0.0:
  version "3.0.2"
  resolved "https://registry.yarnpkg.com/signal-exit/-/signal-exit-3.0.2.tgz#b5fdc08f1287ea1178628e415e25132b73646c6d"

simple-concat@^1.0.0:
  version "1.0.0"
  resolved "https://registry.yarnpkg.com/simple-concat/-/simple-concat-1.0.0.tgz#7344cbb8b6e26fb27d66b2fc86f9f6d5997521c6"

simple-get@^2.7.0:
  version "2.8.1"
  resolved "https://registry.yarnpkg.com/simple-get/-/simple-get-2.8.1.tgz#0e22e91d4575d87620620bc91308d57a77f44b5d"
  dependencies:
    decompress-response "^3.3.0"
    once "^1.3.1"
    simple-concat "^1.0.0"

stream-to-pull-stream@^1.7.1:
  version "1.7.3"
  resolved "https://registry.yarnpkg.com/stream-to-pull-stream/-/stream-to-pull-stream-1.7.3.tgz#4161aa2d2eb9964de60bfa1af7feaf917e874ece"
  dependencies:
    looper "^3.0.0"
    pull-stream "^3.2.3"

string-width@^1.0.1, string-width@^1.0.2:
  version "1.0.2"
  resolved "https://registry.yarnpkg.com/string-width/-/string-width-1.0.2.tgz#118bdf5b8cdc51a2a7e70d211e07e2b0b9b107d3"
  dependencies:
    code-point-at "^1.0.0"
    is-fullwidth-code-point "^1.0.0"
    strip-ansi "^3.0.0"

string_decoder@^1.1.1:
  version "1.3.0"
  resolved "https://registry.yarnpkg.com/string_decoder/-/string_decoder-1.3.0.tgz#42f114594a46cf1a8e30b0a84f56c78c3edac21e"
  dependencies:
    safe-buffer "~5.2.0"

string_decoder@~0.10.x:
  version "0.10.31"
  resolved "https://registry.yarnpkg.com/string_decoder/-/string_decoder-0.10.31.tgz#62e203bc41766c6c28c9fc84301dab1c5310fa94"

string_decoder@~1.0.0:
  version "1.0.1"
  resolved "https://registry.yarnpkg.com/string_decoder/-/string_decoder-1.0.1.tgz#62e200f039955a6810d8df0a33ffc0f013662d98"
  dependencies:
    safe-buffer "^5.0.1"

string_decoder@~1.1.1:
  version "1.1.1"
  resolved "https://registry.yarnpkg.com/string_decoder/-/string_decoder-1.1.1.tgz#9cf1611ba62685d7030ae9e4ba34149c3af03fc8"
  dependencies:
    safe-buffer "~5.1.0"

strip-ansi@^3.0.0, strip-ansi@^3.0.1:
  version "3.0.1"
  resolved "https://registry.yarnpkg.com/strip-ansi/-/strip-ansi-3.0.1.tgz#6a385fb8853d952d5ff05d0e8aaf94278dc63dcf"
  dependencies:
    ansi-regex "^2.0.0"

strip-json-comments@~2.0.1:
  version "2.0.1"
  resolved "https://registry.yarnpkg.com/strip-json-comments/-/strip-json-comments-2.0.1.tgz#3c531942e908c2697c0ec344858c286c7ca0a60a"

tar-fs@^1.13.0:
  version "1.16.3"
  resolved "https://registry.yarnpkg.com/tar-fs/-/tar-fs-1.16.3.tgz#966a628841da2c4010406a82167cbd5e0c72d509"
  dependencies:
    chownr "^1.0.1"
    mkdirp "^0.5.1"
    pump "^1.0.0"
    tar-stream "^1.1.2"

tar-stream@^1.1.2:
  version "1.6.2"
  resolved "https://registry.yarnpkg.com/tar-stream/-/tar-stream-1.6.2.tgz#8ea55dab37972253d9a9af90fdcd559ae435c555"
  dependencies:
    bl "^1.0.0"
    buffer-alloc "^1.2.0"
    end-of-stream "^1.0.0"
    fs-constants "^1.0.0"
    readable-stream "^2.3.0"
    to-buffer "^1.1.1"
    xtend "^4.0.0"

to-buffer@^1.1.1:
  version "1.1.1"
  resolved "https://registry.yarnpkg.com/to-buffer/-/to-buffer-1.1.1.tgz#493bd48f62d7c43fcded313a03dcadb2e1213a80"

tunnel-agent@^0.6.0:
  version "0.6.0"
  resolved "https://registry.yarnpkg.com/tunnel-agent/-/tunnel-agent-0.6.0.tgz#27a5dea06b36b04a0a9966774b290868f0fc40fd"
  dependencies:
    safe-buffer "^5.0.1"

typewise-core@^1.2, typewise-core@^1.2.0:
  version "1.2.0"
  resolved "https://registry.yarnpkg.com/typewise-core/-/typewise-core-1.2.0.tgz#97eb91805c7f55d2f941748fa50d315d991ef195"

typewise@^1.0.3:
  version "1.0.3"
  resolved "https://registry.yarnpkg.com/typewise/-/typewise-1.0.3.tgz#1067936540af97937cc5dcf9922486e9fa284651"
  dependencies:
    typewise-core "^1.2.0"

typewiselite@~1.0.0:
  version "1.0.0"
  resolved "https://registry.yarnpkg.com/typewiselite/-/typewiselite-1.0.0.tgz#c8882fa1bb1092c06005a97f34ef5c8508e3664e"

util-deprecate@^1.0.1, util-deprecate@~1.0.1:
  version "1.0.2"
  resolved "https://registry.yarnpkg.com/util-deprecate/-/util-deprecate-1.0.2.tgz#450d4dc9fa70de732762fbd2d4a28981419a0ccf"

which-pm-runs@^1.0.0:
  version "1.0.0"
  resolved "https://registry.yarnpkg.com/which-pm-runs/-/which-pm-runs-1.0.0.tgz#670b3afbc552e0b55df6b7780ca74615f23ad1cb"

wide-align@^1.1.0:
  version "1.1.2"
  resolved "https://registry.yarnpkg.com/wide-align/-/wide-align-1.1.2.tgz#571e0f1b0604636ebc0dfc21b0339bbe31341710"
  dependencies:
    string-width "^1.0.2"

wrappy@1:
  version "1.0.2"
  resolved "https://registry.yarnpkg.com/wrappy/-/wrappy-1.0.2.tgz#b5243d8f3ec1aa35f1364605bc0d1036e30ab69f"

xtend@^4.0.0:
  version "4.0.2"
  resolved "https://registry.yarnpkg.com/xtend/-/xtend-4.0.2.tgz#bb72779f5fa465186b1f438f674fa347fdb5db54"

xtend@~3.0.0:
  version "3.0.0"
  resolved "https://registry.yarnpkg.com/xtend/-/xtend-3.0.0.tgz#5cce7407baf642cba7becda568111c493f59665a"

xtend@~4.0.0:
  version "4.0.1"
  resolved "https://registry.yarnpkg.com/xtend/-/xtend-4.0.1.tgz#a5c6d532be656e23db820efb943a1f04998d63af"
