# THIS IS AN AUTOGENERATED FILE. DO NOT EDIT THIS FILE DIRECTLY.
# yarn lockfile v1


abstract-leveldown@~0.12.1:
  version "0.12.4"
  resolved "https://registry.yarnpkg.com/abstract-leveldown/-/abstract-leveldown-0.12.4.tgz#29e18e632e60e4e221d5810247852a63d7b2e410"
  integrity sha1-KeGOYy5g5OIh1YECR4UqY9ey5BA=
  dependencies:
    xtend "~3.0.0"

abstract-leveldown@~6.0.0, abstract-leveldown@~6.0.3:
  version "6.0.3"
  resolved "https://registry.yarnpkg.com/abstract-leveldown/-/abstract-leveldown-6.0.3.tgz#b4b6159343c74b0c5197b2817854782d8f748c4a"
  integrity sha512-jzewKKpZbaYUa6HTThnrl+GrJhzjEAeuc7hTVpZdzg7kupXZFoqQDFwyOwLNbmJKJlmzw8yiipMPkDiuKkT06Q==
  dependencies:
    level-concat-iterator "~2.0.0"
    xtend "~4.0.0"

ansi-regex@^2.0.0:
  version "2.1.1"
  resolved "https://registry.yarnpkg.com/ansi-regex/-/ansi-regex-2.1.1.tgz#c3b33ab5ee360d86e0e628f0468ae7ef27d654df"
  integrity sha1-w7M6te42DYbg5ijwRorn7yfWVN8=

ansi-regex@^3.0.0:
  version "3.0.0"
  resolved "https://registry.yarnpkg.com/ansi-regex/-/ansi-regex-3.0.0.tgz#ed0317c322064f79466c02966bddb605ab37d998"
  integrity sha1-7QMXwyIGT3lGbAKWa922Bas32Zg=

aproba@^1.0.3:
  version "1.2.0"
  resolved "https://registry.yarnpkg.com/aproba/-/aproba-1.2.0.tgz#6802e6264efd18c790a1b0d517f0f2627bf2c94a"
  integrity sha512-Y9J6ZjXtoYh8RnXVCMOU/ttDmk1aBjunq9vO0ta5x85WDQiQfUF9sIPBITdbiiIVcBo03Hi3jMxigBtsddlXRw==

are-we-there-yet@~1.1.2:
  version "1.1.5"
  resolved "https://registry.yarnpkg.com/are-we-there-yet/-/are-we-there-yet-1.1.5.tgz#4b35c2944f062a8bfcda66410760350fe9ddfc21"
  integrity sha512-5hYdAkZlcG8tOLujVDTgCT+uPX0VnpAH28gWsLfzpXYm7wP6mp5Q/gYyR7YQ0cKVJcXJnl3j2kpBan13PtQf6w==
  dependencies:
    delegates "^1.0.0"
    readable-stream "^2.0.6"

atob@^2.0.3:
  version "2.1.2"
  resolved "https://registry.yarnpkg.com/atob/-/atob-2.1.2.tgz#6d9517eb9e030d2436666651e86bd9f6f13533c9"
  integrity sha512-Wm6ukoaOGJi/73p/cl2GvLjTI5JM1k/O14isD73YML8StrH/7/lRFgmg8nICZgD3bZZvjwCGxtMOD3wWNAu8cg==

bindings@^1.5.0:
  version "1.5.0"
  resolved "https://registry.yarnpkg.com/bindings/-/bindings-1.5.0.tgz#10353c9e945334bc0511a6d90b38fbc7c9c504df"
  integrity sha512-p2q/t/mhvuOj/UeLlV6566GD/guowlr0hHxClI0W9m7MWYkL1F0hLo+0Aexs9HSPCtR1SXQ0TD3MMKrXZajbiQ==
  dependencies:
    file-uri-to-path "1.0.0"

bl@^1.0.0:
  version "1.2.2"
  resolved "https://registry.yarnpkg.com/bl/-/bl-1.2.2.tgz#a160911717103c07410cef63ef51b397c025af9c"
  integrity sha512-e8tQYnZodmebYDWGH7KMRvtzKXaJHx3BbilrgZCfvyLUYdKpK1t5PSPmpkny/SgiTSCnjfLW7v5rlONXVFkQEA==
  dependencies:
    readable-stream "^2.3.5"
    safe-buffer "^5.1.1"

bl@~0.8.1:
  version "0.8.2"
  resolved "https://registry.yarnpkg.com/bl/-/bl-0.8.2.tgz#c9b6bca08d1bc2ea00fc8afb4f1a5fd1e1c66e4e"
  integrity sha1-yba8oI0bwuoA/Ir7Txpf0eHGbk4=
  dependencies:
    readable-stream "~1.0.26"

btoa@^1.1.2:
  version "1.2.1"
  resolved "https://registry.yarnpkg.com/btoa/-/btoa-1.2.1.tgz#01a9909f8b2c93f6bf680ba26131eb30f7fa3d73"
  integrity sha512-SB4/MIGlsiVkMcHmT+pSmIPoNDoHg+7cMzmt3Uxt628MTz2487DKSqK/fuhFBrkuqrYv5UCEnACpF4dTFNKc/g==

buffer-alloc-unsafe@^1.1.0:
  version "1.1.0"
  resolved "https://registry.yarnpkg.com/buffer-alloc-unsafe/-/buffer-alloc-unsafe-1.1.0.tgz#bd7dc26ae2972d0eda253be061dba992349c19f0"
  integrity sha512-TEM2iMIEQdJ2yjPJoSIsldnleVaAk1oW3DBVUykyOLsEsFmEc9kn+SFFPz+gl54KQNxlDnAwCXosOS9Okx2xAg==

buffer-alloc@^1.2.0:
  version "1.2.0"
  resolved "https://registry.yarnpkg.com/buffer-alloc/-/buffer-alloc-1.2.0.tgz#890dd90d923a873e08e10e5fd51a57e5b7cce0ec"
  integrity sha512-CFsHQgjtW1UChdXgbyJGtnm+O/uLQeZdtbDo8mfUgYXCHSM1wgrVxXm6bSyrUuErEb+4sYVGCzASBRot7zyrow==
  dependencies:
    buffer-alloc-unsafe "^1.1.0"
    buffer-fill "^1.0.0"

buffer-fill@^1.0.0:
  version "1.0.0"
  resolved "https://registry.yarnpkg.com/buffer-fill/-/buffer-fill-1.0.0.tgz#f8f78b76789888ef39f205cd637f68e702122b2c"
  integrity sha1-+PeLdniYiO858gXNY39o5wISKyw=

bytewise-core@^1.2.2:
  version "1.2.3"
  resolved "https://registry.yarnpkg.com/bytewise-core/-/bytewise-core-1.2.3.tgz#3fb410c7e91558eb1ab22a82834577aa6bd61d42"
  integrity sha1-P7QQx+kVWOsasiqCg0V3qmvWHUI=
  dependencies:
    typewise-core "^1.2"

bytewise@~1.1.0:
  version "1.1.0"
  resolved "https://registry.yarnpkg.com/bytewise/-/bytewise-1.1.0.tgz#1d13cbff717ae7158094aa881b35d081b387253e"
  integrity sha1-HRPL/3F65xWAlKqIGzXQgbOHJT4=
  dependencies:
    bytewise-core "^1.2.2"
    typewise "^1.0.3"

chownr@^1.0.1:
  version "1.1.2"
  resolved "https://registry.yarnpkg.com/chownr/-/chownr-1.1.2.tgz#a18f1e0b269c8a6a5d3c86eb298beb14c3dd7bf6"
  integrity sha512-GkfeAQh+QNy3wquu9oIZr6SS5x7wGdSgNQvD10X3r+AZr1Oys22HW8kAmDMvNg2+Dm0TeGaEuO8gFwdBXxwO8A==

code-point-at@^1.0.0:
  version "1.1.0"
  resolved "https://registry.yarnpkg.com/code-point-at/-/code-point-at-1.1.0.tgz#0d070b4d043a5bea33a2f1a40e2edb3d9a4ccf77"
  integrity sha1-DQcLTQQ6W+ozovGkDi7bPZpMz3c=

console-control-strings@^1.0.0, console-control-strings@~1.1.0:
  version "1.1.0"
  resolved "https://registry.yarnpkg.com/console-control-strings/-/console-control-strings-1.1.0.tgz#3d7cf4464db6446ea644bf4b39507f9851008e8e"
  integrity sha1-PXz0Rk22RG6mRL9LOVB/mFEAjo4=

core-util-is@~1.0.0:
  version "1.0.2"
  resolved "https://registry.yarnpkg.com/core-util-is/-/core-util-is-1.0.2.tgz#b5fd54220aa2bc5ab57aab7140c940754503c1a7"
  integrity sha1-tf1UIgqivFq1eqtxQMlAdUUDwac=

decompress-response@^3.3.0:
  version "3.3.0"
  resolved "https://registry.yarnpkg.com/decompress-response/-/decompress-response-3.3.0.tgz#80a4dd323748384bfa248083622aedec982adff3"
  integrity sha1-gKTdMjdIOEv6JICDYirt7Jgq3/M=
  dependencies:
    mimic-response "^1.0.0"

deep-extend@^0.6.0:
  version "0.6.0"
  resolved "https://registry.yarnpkg.com/deep-extend/-/deep-extend-0.6.0.tgz#c4fa7c95404a17a9c3e8ca7e1537312b736330ac"
  integrity sha512-LOHxIOaPYdHlJRtCQfDIVZtfw/ufM8+rVj649RIHzcm/vGwQRXFt6OPqIFWsm2XEMrNIEtWR64sY1LEKD2vAOA==

deferred-leveldown@~0.2.0:
  version "0.2.0"
  resolved "https://registry.yarnpkg.com/deferred-leveldown/-/deferred-leveldown-0.2.0.tgz#2cef1f111e1c57870d8bbb8af2650e587cd2f5b4"
  integrity sha1-LO8fER4cV4cNi7uK8mUOWHzS9bQ=
  dependencies:
    abstract-leveldown "~0.12.1"

deferred-leveldown@~5.1.0:
  version "5.1.0"
  resolved "https://registry.yarnpkg.com/deferred-leveldown/-/deferred-leveldown-5.1.0.tgz#c21e40641a8e48530255a4ad31371cc7fe76b332"
  integrity sha512-PvDY+BT2ONu2XVRgxHb77hYelLtMYxKSGuWuJJdVRXh9ntqx9GYTFJno/SKAz5xcd+yjQwyQeIZrUPjPvA52mg==
  dependencies:
    abstract-leveldown "~6.0.0"
    inherits "^2.0.3"

delegates@^1.0.0:
  version "1.0.0"
  resolved "https://registry.yarnpkg.com/delegates/-/delegates-1.0.0.tgz#84c6e159b81904fdca59a0ef44cd870d31250f9a"
  integrity sha1-hMbhWbgZBP3KWaDvRM2HDTElD5o=

detect-libc@^1.0.3:
  version "1.0.3"
  resolved "https://registry.yarnpkg.com/detect-libc/-/detect-libc-1.0.3.tgz#fa137c4bd698edf55cd5cd02ac559f91a4c4ba9b"
  integrity sha1-+hN8S9aY7fVc1c0CrFWfkaTEups=

end-of-stream@^1.0.0, end-of-stream@^1.1.0:
  version "1.4.1"
  resolved "https://registry.yarnpkg.com/end-of-stream/-/end-of-stream-1.4.1.tgz#ed29634d19baba463b6ce6b80a37213eab71ec43"
  integrity sha512-1MkrZNvWTKCaigbn+W15elq2BB/L22nqrSY5DKlo3X6+vclJm8Bb5djXJBmEX6fS3+zCh/F4VBK5Z2KxJt4s2Q==
  dependencies:
    once "^1.4.0"

errno@~0.1.1:
  version "0.1.7"
  resolved "https://registry.yarnpkg.com/errno/-/errno-0.1.7.tgz#4684d71779ad39af177e3f007996f7c67c852618"
  integrity sha512-MfrRBDWzIWifgq6tJj60gkAwtLNb6sQPlcFrSOflcP1aFmmruKQ2wRnze/8V6kgyz7H3FF8Npzv78mZ7XLLflg==
  dependencies:
    prr "~1.0.1"

expand-template@^2.0.3:
  version "2.0.3"
  resolved "https://registry.yarnpkg.com/expand-template/-/expand-template-2.0.3.tgz#6e14b3fcee0f3a6340ecb57d2e8918692052a47c"
  integrity sha512-XYfuKMvj4O35f/pOXLObndIRvyQ+/+6AhODh+OKWj9S9498pHHn/IMszH+gt0fBCRWMNfk1ZSp5x3AifmnI2vg==

file-uri-to-path@1.0.0:
  version "1.0.0"
  resolved "https://registry.yarnpkg.com/file-uri-to-path/-/file-uri-to-path-1.0.0.tgz#553a7b8446ff6f684359c445f1e37a05dacc33dd"
  integrity sha512-0Zt+s3L7Vf1biwWZ29aARiVYLx7iMGnEUl9x33fbB/j3jR81u/O2LbqK+Bm1CDSNDKVtJ/YjwY7TUd5SkeLQLw==

fs-constants@^1.0.0:
  version "1.0.0"
  resolved "https://registry.yarnpkg.com/fs-constants/-/fs-constants-1.0.0.tgz#6be0de9be998ce16af8afc24497b9ee9b7ccd9ad"
  integrity sha512-y6OAwoSIf7FyjMIv94u+b5rdheZEjzR63GTyZJm5qh4Bi+2YgwLCcI/fPFZkL5PSixOt6ZNKm+w+Hfp/Bciwow==

gauge@~2.7.3:
  version "2.7.4"
  resolved "https://registry.yarnpkg.com/gauge/-/gauge-2.7.4.tgz#2c03405c7538c39d7eb37b317022e325fb018bf7"
  integrity sha1-LANAXHU4w51+s3sxcCLjJfsBi/c=
  dependencies:
    aproba "^1.0.3"
    console-control-strings "^1.0.0"
    has-unicode "^2.0.0"
    object-assign "^4.1.0"
    signal-exit "^3.0.0"
    string-width "^1.0.1"
    strip-ansi "^3.0.1"
    wide-align "^1.1.0"

github-from-package@0.0.0:
  version "0.0.0"
  resolved "https://registry.yarnpkg.com/github-from-package/-/github-from-package-0.0.0.tgz#97fb5d96bfde8973313f20e8288ef9a167fa64ce"
  integrity sha1-l/tdlr/eiXMxPyDoKI75oWf6ZM4=

has-unicode@^2.0.0:
  version "2.0.1"
  resolved "https://registry.yarnpkg.com/has-unicode/-/has-unicode-2.0.1.tgz#e0e6fe6a28cf51138855e086d1691e771de2a8b9"
  integrity sha1-4Ob+aijPUROIVeCG0Wkedx3iqLk=

inherits@^2.0.1, inherits@^2.0.3, inherits@~2.0.1, inherits@~2.0.3:
  version "2.0.4"
  resolved "https://registry.yarnpkg.com/inherits/-/inherits-2.0.4.tgz#0fa2c64f932917c3433a0ded55363aae37416b7c"
  integrity sha512-k/vGaX4/Yla3WzyMCvTQOXYeIHvqOKtnqBduzTHpzpQZzAskKMhZ2K+EnBiSM9zGSoIFeMpXKxa4dYeZIQqewQ==

ini@~1.3.0:
  version "1.3.5"
  resolved "https://registry.yarnpkg.com/ini/-/ini-1.3.5.tgz#eee25f56db1c9ec6085e0c22778083f596abf927"
  integrity sha512-RZY5huIKCMRWDUqZlEi72f/lmXKMvuszcMBduliQ3nnWbx9X/ZBQO7DijMEYS9EhHBb2qacRUMtC7svLwe0lcw==

is-fullwidth-code-point@^1.0.0:
  version "1.0.0"
  resolved "https://registry.yarnpkg.com/is-fullwidth-code-point/-/is-fullwidth-code-point-1.0.0.tgz#ef9e31386f031a7f0d643af82fde50c457ef00cb"
  integrity sha1-754xOG8DGn8NZDr4L95QxFfvAMs=
  dependencies:
    number-is-nan "^1.0.0"

is-fullwidth-code-point@^2.0.0:
  version "2.0.0"
  resolved "https://registry.yarnpkg.com/is-fullwidth-code-point/-/is-fullwidth-code-point-2.0.0.tgz#a3b30a5c4f199183167aaab93beefae3ddfb654f"
  integrity sha1-o7MKXE8ZkYMWeqq5O+764937ZU8=

isarray@0.0.1:
  version "0.0.1"
  resolved "https://registry.yarnpkg.com/isarray/-/isarray-0.0.1.tgz#8a18acfca9a8f4177e09abfc6038939b05d1eedf"
  integrity sha1-ihis/Kmo9Bd+Cav8YDiTmwXR7t8=

isarray@~1.0.0:
  version "1.0.0"
  resolved "https://registry.yarnpkg.com/isarray/-/isarray-1.0.0.tgz#bb935d48582cba168c06834957a54a3e07124f11"
  integrity sha1-u5NdSFgsuhaMBoNJV6VKPgcSTxE=

jungle-db@../..:
  version "0.9.20"
  dependencies:
    atob "^2.0.3"
    btoa "^1.1.2"
    node-lmdb "0.7.0"
  optionalDependencies:
    level-sublevel "^6.6.5"
    leveldown "^5.1.1"
    levelup "^4.1.0"

level-concat-iterator@~2.0.0:
  version "2.0.1"
  resolved "https://registry.yarnpkg.com/level-concat-iterator/-/level-concat-iterator-2.0.1.tgz#1d1009cf108340252cb38c51f9727311193e6263"
  integrity sha512-OTKKOqeav2QWcERMJR7IS9CUo1sHnke2C0gkSmcR7QuEtFNLLzHQAvnMw8ykvEcv0Qtkg0p7FOwP1v9e5Smdcw==

level-errors@~2.0.0:
  version "2.0.1"
  resolved "https://registry.yarnpkg.com/level-errors/-/level-errors-2.0.1.tgz#2132a677bf4e679ce029f517c2f17432800c05c8"
  integrity sha512-UVprBJXite4gPS+3VznfgDSU8PTRuVX0NXwoWW50KLxd2yw4Y1t2JUR5In1itQnudZqRMT9DlAM3Q//9NCjCFw==
  dependencies:
    errno "~0.1.1"

level-iterator-stream@~4.0.0:
  version "4.0.1"
  resolved "https://registry.yarnpkg.com/level-iterator-stream/-/level-iterator-stream-4.0.1.tgz#65c467070c0788fe0d08a0c1ed600c3b9e82bc8d"
  integrity sha512-pSZWqXK6/yHQkZKCHrR59nKpU5iqorKM22C/BOHTb/cwNQ2EOZG+bovmFFGcOgaBoF3KxqJEI27YwewhJQTzsw==
  dependencies:
    inherits "^2.0.1"
    readable-stream "^3.0.2"
    xtend "^4.0.0"

level-post@^1.0.7:
  version "1.0.7"
  resolved "https://registry.yarnpkg.com/level-post/-/level-post-1.0.7.tgz#19ccca9441a7cc527879a0635000f06d5e8f27d0"
  integrity sha512-PWYqG4Q00asOrLhX7BejSajByB4EmG2GaKHfj3h5UmmZ2duciXLPGYWIjBzLECFWUGOZWlm5B20h/n3Gs3HKew==
  dependencies:
    ltgt "^2.1.2"

level-sublevel@^6.6.5:
  version "6.6.5"
  resolved "https://registry.yarnpkg.com/level-sublevel/-/level-sublevel-6.6.5.tgz#acddfa2be033b9e503544e2c647f3c03d5a23fbd"
  integrity sha512-SBSR60x+dghhwGUxPKS+BvV1xNqnwsEUBKmnFepPaHJ6VkBXyPK9SImGc3K2BkwBfpxlt7GKkBNlCnrdufsejA==
  dependencies:
    bytewise "~1.1.0"
    levelup "~0.19.0"
    ltgt "~2.1.1"
    pull-defer "^0.2.2"
    pull-level "^2.0.3"
    pull-stream "^3.6.8"
    typewiselite "~1.0.0"
    xtend "~4.0.0"

leveldown@^5.1.1:
  version "5.1.1"
  resolved "https://registry.yarnpkg.com/leveldown/-/leveldown-5.1.1.tgz#5d3a043f0ec76e91e189117ec3627bef0436c0dc"
  integrity sha512-4n2R/vEA/sssh5TKtFwM9gshW2tirNoURLqekLRUUzuF+eUBLFAufO8UW7bz8lBbG2jw8tQDF3LC+LcUCc12kg==
  dependencies:
    abstract-leveldown "~6.0.3"
    napi-macros "~1.8.1"
    node-gyp-build "~4.1.0"

levelup@^4.1.0:
  version "4.1.0"
  resolved "https://registry.yarnpkg.com/levelup/-/levelup-4.1.0.tgz#49ab5d3a341731cd102f91c6bc17a1acb1969a17"
  integrity sha512-+Qhe2/jb5affN7BeFgWUUWVdYoGXO2nFS3QLEZKZynnQyP9xqA+7wgOz3fD8SST2UKpHQuZgjyJjTcB2nMl2dQ==
  dependencies:
    deferred-leveldown "~5.1.0"
    level-errors "~2.0.0"
    level-iterator-stream "~4.0.0"
    xtend "~4.0.0"

levelup@~0.19.0:
  version "0.19.1"
  resolved "https://registry.yarnpkg.com/levelup/-/levelup-0.19.1.tgz#f3a6a7205272c4b5f35e412ff004a03a0aedf50b"
  integrity sha1-86anIFJyxLXzXkEv8ASgOgrt9Qs=
  dependencies:
    bl "~0.8.1"
    deferred-leveldown "~0.2.0"
    errno "~0.1.1"
    prr "~0.0.0"
    readable-stream "~1.0.26"
    semver "~5.1.0"
    xtend "~3.0.0"

looper@^2.0.0:
  version "2.0.0"
  resolved "https://registry.yarnpkg.com/looper/-/looper-2.0.0.tgz#66cd0c774af3d4fedac53794f742db56da8f09ec"
  integrity sha1-Zs0Md0rz1P7axTeU90LbVtqPCew=

looper@^3.0.0:
  version "3.0.0"
  resolved "https://registry.yarnpkg.com/looper/-/looper-3.0.0.tgz#2efa54c3b1cbaba9b94aee2e5914b0be57fbb749"
  integrity sha1-LvpUw7HLq6m5Su4uWRSwvlf7t0k=

ltgt@^2.1.2:
  version "2.2.1"
  resolved "https://registry.yarnpkg.com/ltgt/-/ltgt-2.2.1.tgz#f35ca91c493f7b73da0e07495304f17b31f87ee5"
  integrity sha1-81ypHEk/e3PaDgdJUwTxezH4fuU=

ltgt@~2.1.1:
  version "2.1.3"
  resolved "https://registry.yarnpkg.com/ltgt/-/ltgt-2.1.3.tgz#10851a06d9964b971178441c23c9e52698eece34"
  integrity sha1-EIUaBtmWS5cReEQcI8nlJpjuzjQ=

mimic-response@^1.0.0:
  version "1.0.1"
  resolved "https://registry.yarnpkg.com/mimic-response/-/mimic-response-1.0.1.tgz#4923538878eef42063cb8a3e3b0798781487ab1b"
  integrity sha512-j5EctnkH7amfV/q5Hgmoal1g2QHFJRraOtmx0JpIqkxhBhI/lJSl1nMpQ45hVarwNETOoWEimndZ4QK0RHxuxQ==

minimist@0.0.8:
  version "0.0.8"
  resolved "https://registry.yarnpkg.com/minimist/-/minimist-0.0.8.tgz#857fcabfc3397d2625b8228262e86aa7a011b05d"
  integrity sha1-hX/Kv8M5fSYluCKCYuhqp6ARsF0=

minimist@^1.2.0:
  version "1.2.0"
  resolved "https://registry.yarnpkg.com/minimist/-/minimist-1.2.0.tgz#a35008b20f41383eec1fb914f4cd5df79a264284"
  integrity sha1-o1AIsg9BOD7sH7kU9M1d95omQoQ=

mkdirp@^0.5.1:
  version "0.5.1"
  resolved "https://registry.yarnpkg.com/mkdirp/-/mkdirp-0.5.1.tgz#30057438eac6cf7f8c4767f38648d6697d75c903"
  integrity sha1-MAV0OOrGz3+MR2fzhkjWaX11yQM=
  dependencies:
    minimist "0.0.8"

nan@^2.13.1:
  version "2.14.0"
  resolved "https://registry.yarnpkg.com/nan/-/nan-2.14.0.tgz#7818f722027b2459a86f0295d434d1fc2336c52c"
  integrity sha512-INOFj37C7k3AfaNTtX8RhsTw7qRy7eLET14cROi9+5HAVbbHuIWUHEauBv5qT4Av2tWasiTY1Jw6puUNqRJXQg==

napi-build-utils@^1.0.1:
  version "1.0.1"
  resolved "https://registry.yarnpkg.com/napi-build-utils/-/napi-build-utils-1.0.1.tgz#1381a0f92c39d66bf19852e7873432fc2123e508"
  integrity sha512-boQj1WFgQH3v4clhu3mTNfP+vOBxorDlE8EKiMjUlLG3C4qAESnn9AxIOkFgTR2c9LtzNjPrjS60cT27ZKBhaA==

napi-macros@~1.8.1:
  version "1.8.2"
  resolved "https://registry.yarnpkg.com/napi-macros/-/napi-macros-1.8.2.tgz#299265c1d8aa401351ad0675107d751228c03eda"
  integrity sha512-Tr0DNY4RzTaBG2W2m3l7ZtFuJChTH6VZhXVhkGGjF/4cZTt+i8GcM9ozD+30Lmr4mDoZ5Xx34t2o4GJqYWDGcg==

node-abi@^2.7.0:
  version "2.11.0"
  resolved "https://registry.yarnpkg.com/node-abi/-/node-abi-2.11.0.tgz#b7dce18815057544a049be5ae75cd1fdc2e9ea59"
  integrity sha512-kuy/aEg75u40v378WRllQ4ZexaXJiCvB68D2scDXclp/I4cRq6togpbOoKhmN07tns9Zldu51NNERo0wehfX9g==
  dependencies:
    semver "^5.4.1"

node-gyp-build@~4.1.0:
  version "4.1.0"
  resolved "https://registry.yarnpkg.com/node-gyp-build/-/node-gyp-build-4.1.0.tgz#3bc3dd7dd4aafecaf64a2e3729e785bc3cdea565"
  integrity sha512-rGLv++nK20BG8gc0MzzcYe1Nl3p3mtwJ74Q2QD0HTEDKZ6NvOFSelY6s2QBPWIHRR8h7hpad0LiwajfClBJfNg==

node-lmdb@0.7.0:
  version "0.7.0"
  resolved "https://registry.yarnpkg.com/node-lmdb/-/node-lmdb-0.7.0.tgz#6f458605b8b23e4b53615b57c1ce6f390a842e92"
  integrity sha512-yEf93a+sSvqYW1k2AvALQh0bOwDvvfnfkoeH0xL6jD2avkHeIfI/GwU0JHIZJPVYpN3vC1DW1tHfgtiE6SeL6A==
  dependencies:
    bindings "^1.5.0"
    nan "^2.13.1"
    prebuild-install "^5.2.5"

noop-logger@^0.1.1:
  version "0.1.1"
  resolved "https://registry.yarnpkg.com/noop-logger/-/noop-logger-0.1.1.tgz#94a2b1633c4f1317553007d8966fd0e841b6a4c2"
  integrity sha1-lKKxYzxPExdVMAfYlm/Q6EG2pMI=

npmlog@^4.0.1:
  version "4.1.2"
  resolved "https://registry.yarnpkg.com/npmlog/-/npmlog-4.1.2.tgz#08a7f2a8bf734604779a9efa4ad5cc717abb954b"
  integrity sha512-2uUqazuKlTaSI/dC8AzicUck7+IrEaOnN/e0jd3Xtt1KcGpwx30v50mL7oPyr/h9bL3E4aZccVwpwP+5W9Vjkg==
  dependencies:
    are-we-there-yet "~1.1.2"
    console-control-strings "~1.1.0"
    gauge "~2.7.3"
    set-blocking "~2.0.0"

number-is-nan@^1.0.0:
  version "1.0.1"
  resolved "https://registry.yarnpkg.com/number-is-nan/-/number-is-nan-1.0.1.tgz#097b602b53422a522c1afb8790318336941a011d"
  integrity sha1-CXtgK1NCKlIsGvuHkDGDNpQaAR0=

object-assign@^4.1.0:
  version "4.1.1"
  resolved "https://registry.yarnpkg.com/object-assign/-/object-assign-4.1.1.tgz#2109adc7965887cfc05cbbd442cac8bfbb360863"
  integrity sha1-IQmtx5ZYh8/AXLvUQsrIv7s2CGM=

once@^1.3.1, once@^1.4.0:
  version "1.4.0"
  resolved "https://registry.yarnpkg.com/once/-/once-1.4.0.tgz#583b1aa775961d4b113ac17d9c50baef9dd76bd1"
  integrity sha1-WDsap3WWHUsROsF9nFC6753Xa9E=
  dependencies:
    wrappy "1"

os-homedir@^1.0.1:
  version "1.0.2"
  resolved "https://registry.yarnpkg.com/os-homedir/-/os-homedir-1.0.2.tgz#ffbc4988336e0e833de0c168c7ef152121aa7fb3"
  integrity sha1-/7xJiDNuDoM94MFox+8VISGqf7M=

prebuild-install@^5.2.5:
  version "5.3.0"
  resolved "https://registry.yarnpkg.com/prebuild-install/-/prebuild-install-5.3.0.tgz#58b4d8344e03590990931ee088dd5401b03004c8"
  integrity sha512-aaLVANlj4HgZweKttFNUVNRxDukytuIuxeK2boIMHjagNJCiVKWFsKF4tCE3ql3GbrD2tExPQ7/pwtEJcHNZeg==
  dependencies:
    detect-libc "^1.0.3"
    expand-template "^2.0.3"
    github-from-package "0.0.0"
    minimist "^1.2.0"
    mkdirp "^0.5.1"
    napi-build-utils "^1.0.1"
    node-abi "^2.7.0"
    noop-logger "^0.1.1"
    npmlog "^4.0.1"
    os-homedir "^1.0.1"
    pump "^2.0.1"
    rc "^1.2.7"
    simple-get "^2.7.0"
    tar-fs "^1.13.0"
    tunnel-agent "^0.6.0"
    which-pm-runs "^1.0.0"

process-nextick-args@~2.0.0:
  version "2.0.1"
  resolved "https://registry.yarnpkg.com/process-nextick-args/-/process-nextick-args-2.0.1.tgz#7820d9b16120cc55ca9ae7792680ae7dba6d7fe2"
  integrity sha512-3ouUOpQhtgrbOa17J7+uxOTpITYWaGP7/AhoR3+A+/1e9skrzelGi/dXzEYyvbxubEF6Wn2ypscTKiKJFFn1ag==

prr@~0.0.0:
  version "0.0.0"
  resolved "https://registry.yarnpkg.com/prr/-/prr-0.0.0.tgz#1a84b85908325501411853d0081ee3fa86e2926a"
  integrity sha1-GoS4WQgyVQFBGFPQCB7j+obikmo=

prr@~1.0.1:
  version "1.0.1"
  resolved "https://registry.yarnpkg.com/prr/-/prr-1.0.1.tgz#d3fc114ba06995a45ec6893f484ceb1d78f5f476"
  integrity sha1-0/wRS6BplaRexok/SEzrHXj19HY=

pull-cat@^1.1.9:
  version "1.1.11"
  resolved "https://registry.yarnpkg.com/pull-cat/-/pull-cat-1.1.11.tgz#b642dd1255da376a706b6db4fa962f5fdb74c31b"
  integrity sha1-tkLdElXaN2pwa220+pYvX9t0wxs=

pull-defer@^0.2.2:
  version "0.2.3"
  resolved "https://registry.yarnpkg.com/pull-defer/-/pull-defer-0.2.3.tgz#4ee09c6d9e227bede9938db80391c3dac489d113"
  integrity sha512-/An3KE7mVjZCqNhZsr22k1Tx8MACnUnHZZNPSJ0S62td8JtYr/AiRG42Vz7Syu31SoTLUzVIe61jtT/pNdjVYA==

pull-level@^2.0.3:
  version "2.0.4"
  resolved "https://registry.yarnpkg.com/pull-level/-/pull-level-2.0.4.tgz#4822e61757c10bdcc7cf4a03af04c92734c9afac"
  integrity sha512-fW6pljDeUThpq5KXwKbRG3X7Ogk3vc75d5OQU/TvXXui65ykm+Bn+fiktg+MOx2jJ85cd+sheufPL+rw9QSVZg==
  dependencies:
    level-post "^1.0.7"
    pull-cat "^1.1.9"
    pull-live "^1.0.1"
    pull-pushable "^2.0.0"
    pull-stream "^3.4.0"
    pull-window "^2.1.4"
    stream-to-pull-stream "^1.7.1"

pull-live@^1.0.1:
  version "1.0.1"
  resolved "https://registry.yarnpkg.com/pull-live/-/pull-live-1.0.1.tgz#a4ecee01e330155e9124bbbcf4761f21b38f51f5"
  integrity sha1-pOzuAeMwFV6RJLu89HYfIbOPUfU=
  dependencies:
    pull-cat "^1.1.9"
    pull-stream "^3.4.0"

pull-pushable@^2.0.0:
  version "2.2.0"
  resolved "https://registry.yarnpkg.com/pull-pushable/-/pull-pushable-2.2.0.tgz#5f2f3aed47ad86919f01b12a2e99d6f1bd776581"
  integrity sha1-Xy867UethpGfAbEqLpnW8b13ZYE=

pull-stream@^3.2.3, pull-stream@^3.4.0, pull-stream@^3.6.8:
  version "3.6.14"
  resolved "https://registry.yarnpkg.com/pull-stream/-/pull-stream-3.6.14.tgz#529dbd5b86131f4a5ed636fdf7f6af00781357ee"
  integrity sha512-KIqdvpqHHaTUA2mCYcLG1ibEbu/LCKoJZsBWyv9lSYtPkJPBq8m3Hxa103xHi6D2thj5YXa0TqK3L3GUkwgnew==

pull-window@^2.1.4:
  version "2.1.4"
  resolved "https://registry.yarnpkg.com/pull-window/-/pull-window-2.1.4.tgz#fc3b86feebd1920c7ae297691e23f705f88552f0"
  integrity sha1-/DuG/uvRkgx64pdpHiP3BfiFUvA=
  dependencies:
    looper "^2.0.0"

pump@^1.0.0:
  version "1.0.3"
  resolved "https://registry.yarnpkg.com/pump/-/pump-1.0.3.tgz#5dfe8311c33bbf6fc18261f9f34702c47c08a954"
  integrity sha512-8k0JupWme55+9tCVE+FS5ULT3K6AbgqrGa58lTT49RpyfwwcGedHqaC5LlQNdEAumn/wFsu6aPwkuPMioy8kqw==
  dependencies:
    end-of-stream "^1.1.0"
    once "^1.3.1"

pump@^2.0.1:
  version "2.0.1"
  resolved "https://registry.yarnpkg.com/pump/-/pump-2.0.1.tgz#12399add6e4cf7526d973cbc8b5ce2e2908b3909"
  integrity sha512-ruPMNRkN3MHP1cWJc9OWr+T/xDP0jhXYCLfJcBuX54hhfIBnaQmAUMfDcG4DM5UMWByBbJY69QSphm3jtDKIkA==
  dependencies:
    end-of-stream "^1.1.0"
    once "^1.3.1"

rc@^1.2.7:
  version "1.2.8"
  resolved "https://registry.yarnpkg.com/rc/-/rc-1.2.8.tgz#cd924bf5200a075b83c188cd6b9e211b7fc0d3ed"
  integrity sha512-y3bGgqKj3QBdxLbLkomlohkvsA8gdAiUQlSBJnBhfn+BPxg4bc62d8TcBW15wavDfgexCgccckhcZvywyQYPOw==
  dependencies:
    deep-extend "^0.6.0"
    ini "~1.3.0"
    minimist "^1.2.0"
    strip-json-comments "~2.0.1"

readable-stream@^2.0.6, readable-stream@^2.3.0, readable-stream@^2.3.5:
  version "2.3.6"
  resolved "https://registry.yarnpkg.com/readable-stream/-/readable-stream-2.3.6.tgz#b11c27d88b8ff1fbe070643cf94b0c79ae1b0aaf"
  integrity sha512-tQtKA9WIAhBF3+VLAseyMqZeBjW0AHJoxOtYqSUZNJxauErmLbVm2FW1y+J/YA9dUrAC39ITejlZWhVIwawkKw==
  dependencies:
    core-util-is "~1.0.0"
    inherits "~2.0.3"
    isarray "~1.0.0"
    process-nextick-args "~2.0.0"
    safe-buffer "~5.1.1"
    string_decoder "~1.1.1"
    util-deprecate "~1.0.1"

readable-stream@^3.0.2:
  version "3.4.0"
  resolved "https://registry.yarnpkg.com/readable-stream/-/readable-stream-3.4.0.tgz#a51c26754658e0a3c21dbf59163bd45ba6f447fc"
  integrity sha512-jItXPLmrSR8jmTRmRWJXCnGJsfy85mB3Wd/uINMXA65yrnFo0cPClFIUWzo2najVNSl+mx7/4W8ttlLWJe99pQ==
  dependencies:
    inherits "^2.0.3"
    string_decoder "^1.1.1"
    util-deprecate "^1.0.1"

readable-stream@~1.0.26:
  version "1.0.34"
  resolved "https://registry.yarnpkg.com/readable-stream/-/readable-stream-1.0.34.tgz#125820e34bc842d2f2aaafafe4c2916ee32c157c"
  integrity sha1-Elgg40vIQtLyqq+v5MKRbuMsFXw=
  dependencies:
    core-util-is "~1.0.0"
    inherits "~2.0.1"
    isarray "0.0.1"
    string_decoder "~0.10.x"

safe-buffer@^5.0.1, safe-buffer@^5.1.1, safe-buffer@~5.2.0:
  version "5.2.0"
  resolved "https://registry.yarnpkg.com/safe-buffer/-/safe-buffer-5.2.0.tgz#b74daec49b1148f88c64b68d49b1e815c1f2f519"
  integrity sha512-fZEwUGbVl7kouZs1jCdMLdt95hdIv0ZeHg6L7qPeciMZhZ+/gdesW4wgTARkrFWEpspjEATAzUGPG8N2jJiwbg==

safe-buffer@~5.1.0, safe-buffer@~5.1.1:
  version "5.1.2"
  resolved "https://registry.yarnpkg.com/safe-buffer/-/safe-buffer-5.1.2.tgz#991ec69d296e0313747d59bdfd2b745c35f8828d"
  integrity sha512-Gd2UZBJDkXlY7GbJxfsE8/nvKkUEU1G38c1siN6QP6a9PT9MmHB8GnpscSmMJSoF8LOIrt8ud/wPtojys4G6+g==

semver@^5.4.1:
  version "5.7.1"
  resolved "https://registry.yarnpkg.com/semver/-/semver-5.7.1.tgz#a954f931aeba508d307bbf069eff0c01c96116f7"
  integrity sha512-sauaDf/PZdVgrLTNYHRtpXa1iRiKcaebiKQ1BJdpQlWH2lCvexQdX55snPFyK7QzpudqbCI0qXFfOasHdyNDGQ==

semver@~5.1.0:
  version "5.1.1"
  resolved "https://registry.yarnpkg.com/semver/-/semver-5.1.1.tgz#a3292a373e6f3e0798da0b20641b9a9c5bc47e19"
  integrity sha1-oykqNz5vPgeY2gsgZBuanFvEfhk=

set-blocking@~2.0.0:
  version "2.0.0"
  resolved "https://registry.yarnpkg.com/set-blocking/-/set-blocking-2.0.0.tgz#045f9782d011ae9a6803ddd382b24392b3d890f7"
  integrity sha1-BF+XgtARrppoA93TgrJDkrPYkPc=

signal-exit@^3.0.0:
  version "3.0.2"
  resolved "https://registry.yarnpkg.com/signal-exit/-/signal-exit-3.0.2.tgz#b5fdc08f1287ea1178628e415e25132b73646c6d"
  integrity sha1-tf3AjxKH6hF4Yo5BXiUTK3NkbG0=

simple-concat@^1.0.0:
  version "1.0.0"
  resolved "https://registry.yarnpkg.com/simple-concat/-/simple-concat-1.0.0.tgz#7344cbb8b6e26fb27d66b2fc86f9f6d5997521c6"
  integrity sha1-c0TLuLbib7J9ZrL8hvn21Zl1IcY=

simple-get@^2.7.0:
  version "2.8.1"
  resolved "https://registry.yarnpkg.com/simple-get/-/simple-get-2.8.1.tgz#0e22e91d4575d87620620bc91308d57a77f44b5d"
  integrity sha512-lSSHRSw3mQNUGPAYRqo7xy9dhKmxFXIjLjp4KHpf99GEH2VH7C3AM+Qfx6du6jhfUi6Vm7XnbEVEf7Wb6N8jRw==
  dependencies:
    decompress-response "^3.3.0"
    once "^1.3.1"
    simple-concat "^1.0.0"

stream-to-pull-stream@^1.7.1:
  version "1.7.3"
  resolved "https://registry.yarnpkg.com/stream-to-pull-stream/-/stream-to-pull-stream-1.7.3.tgz#4161aa2d2eb9964de60bfa1af7feaf917e874ece"
  integrity sha512-6sNyqJpr5dIOQdgNy/xcDWwDuzAsAwVzhzrWlAPAQ7Lkjx/rv0wgvxEyKwTq6FmNd5rjTrELt/CLmaSw7crMGg==
  dependencies:
    looper "^3.0.0"
    pull-stream "^3.2.3"

string-width@^1.0.1:
  version "1.0.2"
  resolved "https://registry.yarnpkg.com/string-width/-/string-width-1.0.2.tgz#118bdf5b8cdc51a2a7e70d211e07e2b0b9b107d3"
  integrity sha1-EYvfW4zcUaKn5w0hHgfisLmxB9M=
  dependencies:
    code-point-at "^1.0.0"
    is-fullwidth-code-point "^1.0.0"
    strip-ansi "^3.0.0"

"string-width@^1.0.2 || 2":
  version "2.1.1"
  resolved "https://registry.yarnpkg.com/string-width/-/string-width-2.1.1.tgz#ab93f27a8dc13d28cac815c462143a6d9012ae9e"
  integrity sha512-nOqH59deCq9SRHlxq1Aw85Jnt4w6KvLKqWVik6oA9ZklXLNIOlqg4F2yrT1MVaTjAqvVwdfeZ7w7aCvJD7ugkw==
  dependencies:
    is-fullwidth-code-point "^2.0.0"
    strip-ansi "^4.0.0"

string_decoder@^1.1.1:
  version "1.3.0"
  resolved "https://registry.yarnpkg.com/string_decoder/-/string_decoder-1.3.0.tgz#42f114594a46cf1a8e30b0a84f56c78c3edac21e"
  integrity sha512-hkRX8U1WjJFd8LsDJ2yQ/wWWxaopEsABU1XfkM8A+j0+85JAGppt16cr1Whg6KIbb4okU6Mql6BOj+uup/wKeA==
  dependencies:
    safe-buffer "~5.2.0"

string_decoder@~0.10.x:
  version "0.10.31"
  resolved "https://registry.yarnpkg.com/string_decoder/-/string_decoder-0.10.31.tgz#62e203bc41766c6c28c9fc84301dab1c5310fa94"
  integrity sha1-YuIDvEF2bGwoyfyEMB2rHFMQ+pQ=

string_decoder@~1.1.1:
  version "1.1.1"
  resolved "https://registry.yarnpkg.com/string_decoder/-/string_decoder-1.1.1.tgz#9cf1611ba62685d7030ae9e4ba34149c3af03fc8"
  integrity sha512-n/ShnvDi6FHbbVfviro+WojiFzv+s8MPMHBczVePfUpDJLwoLT0ht1l4YwBCbi8pJAveEEdnkHyPyTP/mzRfwg==
  dependencies:
    safe-buffer "~5.1.0"

strip-ansi@^3.0.0, strip-ansi@^3.0.1:
  version "3.0.1"
  resolved "https://registry.yarnpkg.com/strip-ansi/-/strip-ansi-3.0.1.tgz#6a385fb8853d952d5ff05d0e8aaf94278dc63dcf"
  integrity sha1-ajhfuIU9lS1f8F0Oiq+UJ43GPc8=
  dependencies:
    ansi-regex "^2.0.0"

strip-ansi@^4.0.0:
  version "4.0.0"
  resolved "https://registry.yarnpkg.com/strip-ansi/-/strip-ansi-4.0.0.tgz#a8479022eb1ac368a871389b635262c505ee368f"
  integrity sha1-qEeQIusaw2iocTibY1JixQXuNo8=
  dependencies:
    ansi-regex "^3.0.0"

strip-json-comments@~2.0.1:
  version "2.0.1"
  resolved "https://registry.yarnpkg.com/strip-json-comments/-/strip-json-comments-2.0.1.tgz#3c531942e908c2697c0ec344858c286c7ca0a60a"
  integrity sha1-PFMZQukIwml8DsNEhYwobHygpgo=

tar-fs@^1.13.0:
  version "1.16.3"
  resolved "https://registry.yarnpkg.com/tar-fs/-/tar-fs-1.16.3.tgz#966a628841da2c4010406a82167cbd5e0c72d509"
  integrity sha512-NvCeXpYx7OsmOh8zIOP/ebG55zZmxLE0etfWRbWok+q2Qo8x/vOR/IJT1taADXPe+jsiu9axDb3X4B+iIgNlKw==
  dependencies:
    chownr "^1.0.1"
    mkdirp "^0.5.1"
    pump "^1.0.0"
    tar-stream "^1.1.2"

tar-stream@^1.1.2:
  version "1.6.2"
  resolved "https://registry.yarnpkg.com/tar-stream/-/tar-stream-1.6.2.tgz#8ea55dab37972253d9a9af90fdcd559ae435c555"
  integrity sha512-rzS0heiNf8Xn7/mpdSVVSMAWAoy9bfb1WOTYC78Z0UQKeKa/CWS8FOq0lKGNa8DWKAn9gxjCvMLYc5PGXYlK2A==
  dependencies:
    bl "^1.0.0"
    buffer-alloc "^1.2.0"
    end-of-stream "^1.0.0"
    fs-constants "^1.0.0"
    readable-stream "^2.3.0"
    to-buffer "^1.1.1"
    xtend "^4.0.0"

to-buffer@^1.1.1:
  version "1.1.1"
  resolved "https://registry.yarnpkg.com/to-buffer/-/to-buffer-1.1.1.tgz#493bd48f62d7c43fcded313a03dcadb2e1213a80"
  integrity sha512-lx9B5iv7msuFYE3dytT+KE5tap+rNYw+K4jVkb9R/asAb+pbBSM17jtunHplhBe6RRJdZx3Pn2Jph24O32mOVg==

tunnel-agent@^0.6.0:
  version "0.6.0"
  resolved "https://registry.yarnpkg.com/tunnel-agent/-/tunnel-agent-0.6.0.tgz#27a5dea06b36b04a0a9966774b290868f0fc40fd"
  integrity sha1-J6XeoGs2sEoKmWZ3SykIaPD8QP0=
  dependencies:
    safe-buffer "^5.0.1"

typewise-core@^1.2, typewise-core@^1.2.0:
  version "1.2.0"
  resolved "https://registry.yarnpkg.com/typewise-core/-/typewise-core-1.2.0.tgz#97eb91805c7f55d2f941748fa50d315d991ef195"
  integrity sha1-l+uRgFx/VdL5QXSPpQ0xXZke8ZU=

typewise@^1.0.3:
  version "1.0.3"
  resolved "https://registry.yarnpkg.com/typewise/-/typewise-1.0.3.tgz#1067936540af97937cc5dcf9922486e9fa284651"
  integrity sha1-EGeTZUCvl5N8xdz5kiSG6fooRlE=
  dependencies:
    typewise-core "^1.2.0"

typewiselite@~1.0.0:
  version "1.0.0"
  resolved "https://registry.yarnpkg.com/typewiselite/-/typewiselite-1.0.0.tgz#c8882fa1bb1092c06005a97f34ef5c8508e3664e"
  integrity sha1-yIgvobsQksBgBal/NO9chQjjZk4=

util-deprecate@^1.0.1, util-deprecate@~1.0.1:
  version "1.0.2"
  resolved "https://registry.yarnpkg.com/util-deprecate/-/util-deprecate-1.0.2.tgz#450d4dc9fa70de732762fbd2d4a28981419a0ccf"
  integrity sha1-RQ1Nyfpw3nMnYvvS1KKJgUGaDM8=

which-pm-runs@^1.0.0:
  version "1.0.0"
  resolved "https://registry.yarnpkg.com/which-pm-runs/-/which-pm-runs-1.0.0.tgz#670b3afbc552e0b55df6b7780ca74615f23ad1cb"
  integrity sha1-Zws6+8VS4LVd9rd4DKdGFfI60cs=

wide-align@^1.1.0:
  version "1.1.3"
  resolved "https://registry.yarnpkg.com/wide-align/-/wide-align-1.1.3.tgz#ae074e6bdc0c14a431e804e624549c633b000457"
  integrity sha512-QGkOQc8XL6Bt5PwnsExKBPuMKBxnGxWWW3fU55Xt4feHozMUhdUMaBCk290qpm/wG5u/RSKzwdAC4i51YigihA==
  dependencies:
    string-width "^1.0.2 || 2"

wrappy@1:
  version "1.0.2"
  resolved "https://registry.yarnpkg.com/wrappy/-/wrappy-1.0.2.tgz#b5243d8f3ec1aa35f1364605bc0d1036e30ab69f"
  integrity sha1-tSQ9jz7BqjXxNkYFvA0QNuMKtp8=

xtend@^4.0.0, xtend@~4.0.0:
  version "4.0.2"
  resolved "https://registry.yarnpkg.com/xtend/-/xtend-4.0.2.tgz#bb72779f5fa465186b1f438f674fa347fdb5db54"
  integrity sha512-LKYU1iAXJXUgAXn9URjiu+MWhyUXHsvfp7mcuYm9dSUKK0/CjtrUwFAxD82/mCWbtLsGjFIad0wIsod4zrTAEQ==

xtend@~3.0.0:
  version "3.0.0"
  resolved "https://registry.yarnpkg.com/xtend/-/xtend-3.0.0.tgz#5cce7407baf642cba7becda568111c493f59665a"
  integrity sha1-XM50B7r2Qsunvs2laBEcST9ZZlo=
